// !$*UTF8*$!
{
	archiveVersion = 1;
	classes = {
	};
	objectVersion = 46;
	objects = {

/* Begin PBXBuildFile section */
		81064A0A1C130A10007ED524 /* AppDelegate.swift in Sources */ = {isa = PBXBuildFile; fileRef = 81064A091C130A10007ED524 /* AppDelegate.swift */; };
		81064A0C1C130A10007ED524 /* ViewController.swift in Sources */ = {isa = PBXBuildFile; fileRef = 81064A0B1C130A10007ED524 /* ViewController.swift */; };
		81064A0E1C130A10007ED524 /* Assets.xcassets in Resources */ = {isa = PBXBuildFile; fileRef = 81064A0D1C130A10007ED524 /* Assets.xcassets */; };
		81064A111C130A10007ED524 /* Main.storyboard in Resources */ = {isa = PBXBuildFile; fileRef = 81064A0F1C130A10007ED524 /* Main.storyboard */; };
		81064A1C1C132DA2007ED524 /* Sketch.swift in Sources */ = {isa = PBXBuildFile; fileRef = 81064A1B1C132DA2007ED524 /* Sketch.swift */; };
		81B42BA91F9D6CF700E501B8 /* Map.swift in Sources */ = {isa = PBXBuildFile; fileRef = 81B42BA71F9D6CF700E501B8 /* Map.swift */; };
		81B42BAA1F9D6CF700E501B8 /* PerlinGenerator.swift in Sources */ = {isa = PBXBuildFile; fileRef = 81B42BA81F9D6CF700E501B8 /* PerlinGenerator.swift */; };
		81EAC5A41D87DF52005DD91D /* Helper.swift in Sources */ = {isa = PBXBuildFile; fileRef = 81EAC5A31D87DF52005DD91D /* Helper.swift */; };
/* End PBXBuildFile section */

/* Begin PBXFileReference section */
		81064A061C130A10007ED524 /* Animation.app */ = {isa = PBXFileReference; explicitFileType = wrapper.application; includeInIndex = 0; path = Animation.app; sourceTree = BUILT_PRODUCTS_DIR; };
		81064A091C130A10007ED524 /* AppDelegate.swift */ = {isa = PBXFileReference; lastKnownFileType = sourcecode.swift; path = AppDelegate.swift; sourceTree = "<group>"; };
		81064A0B1C130A10007ED524 /* ViewController.swift */ = {isa = PBXFileReference; lastKnownFileType = sourcecode.swift; path = ViewController.swift; sourceTree = "<group>"; };
		81064A0D1C130A10007ED524 /* Assets.xcassets */ = {isa = PBXFileReference; lastKnownFileType = folder.assetcatalog; path = Assets.xcassets; sourceTree = "<group>"; };
		81064A101C130A10007ED524 /* Base */ = {isa = PBXFileReference; lastKnownFileType = file.storyboard; name = Base; path = Base.lproj/Main.storyboard; sourceTree = "<group>"; };
		81064A121C130A10007ED524 /* Info.plist */ = {isa = PBXFileReference; lastKnownFileType = text.plist.xml; path = Info.plist; sourceTree = "<group>"; };
		81064A1B1C132DA2007ED524 /* Sketch.swift */ = {isa = PBXFileReference; fileEncoding = 4; lastKnownFileType = sourcecode.swift; path = Sketch.swift; sourceTree = "<group>"; };
		8134E7921C14CD5700EC4523 /* CanvasTestArea.playground */ = {isa = PBXFileReference; lastKnownFileType = file.playground; path = CanvasTestArea.playground; sourceTree = "<group>"; xcLanguageSpecificationIdentifier = xcode.lang.swift; };
		81B42BA71F9D6CF700E501B8 /* Map.swift */ = {isa = PBXFileReference; lastKnownFileType = sourcecode.swift; path = Map.swift; sourceTree = "<group>"; };
		81B42BA81F9D6CF700E501B8 /* PerlinGenerator.swift */ = {isa = PBXFileReference; lastKnownFileType = sourcecode.swift; path = PerlinGenerator.swift; sourceTree = "<group>"; };
		81EAC5A31D87DF52005DD91D /* Helper.swift */ = {isa = PBXFileReference; fileEncoding = 4; lastKnownFileType = sourcecode.swift; path = Helper.swift; sourceTree = "<group>"; };
/* End PBXFileReference section */

/* Begin PBXFrameworksBuildPhase section */
		81064A031C130A10007ED524 /* Frameworks */ = {
			isa = PBXFrameworksBuildPhase;
			buildActionMask = 2147483647;
			files = (
			);
			runOnlyForDeploymentPostprocessing = 0;
		};
/* End PBXFrameworksBuildPhase section */

/* Begin PBXGroup section */
		810649FD1C130A10007ED524 = {
			isa = PBXGroup;
			children = (
				8134E7921C14CD5700EC4523 /* CanvasTestArea.playground */,
				81064A081C130A10007ED524 /* Animation */,
				81064A071C130A10007ED524 /* Products */,
			);
			sourceTree = "<group>";
		};
		81064A071C130A10007ED524 /* Products */ = {
			isa = PBXGroup;
			children = (
				81064A061C130A10007ED524 /* Animation.app */,
			);
			name = Products;
			sourceTree = "<group>";
		};
		81064A081C130A10007ED524 /* Animation */ = {
			isa = PBXGroup;
			children = (
				81064A1B1C132DA2007ED524 /* Sketch.swift */,
				81064A1A1C132D69007ED524 /* Support */,
			);
			path = Animation;
			sourceTree = "<group>";
		};
		81064A1A1C132D69007ED524 /* Support */ = {
			isa = PBXGroup;
			children = (
				81EAC5A31D87DF52005DD91D /* Helper.swift */,
				81B42BA71F9D6CF700E501B8 /* Map.swift */,
				81B42BA81F9D6CF700E501B8 /* PerlinGenerator.swift */,
				81064A091C130A10007ED524 /* AppDelegate.swift */,
				81064A0B1C130A10007ED524 /* ViewController.swift */,
				81064A0D1C130A10007ED524 /* Assets.xcassets */,
				81064A0F1C130A10007ED524 /* Main.storyboard */,
				81064A121C130A10007ED524 /* Info.plist */,
			);
			name = Support;
			sourceTree = "<group>";
		};
/* End PBXGroup section */

/* Begin PBXNativeTarget section */
		81064A051C130A10007ED524 /* Animation */ = {
			isa = PBXNativeTarget;
			buildConfigurationList = 81064A151C130A10007ED524 /* Build configuration list for PBXNativeTarget "Animation" */;
			buildPhases = (
				81064A021C130A10007ED524 /* Sources */,
				81064A031C130A10007ED524 /* Frameworks */,
				81064A041C130A10007ED524 /* Resources */,
			);
			buildRules = (
			);
			dependencies = (
			);
			name = Animation;
			productName = Animation;
			productReference = 81064A061C130A10007ED524 /* Animation.app */;
			productType = "com.apple.product-type.application";
		};
/* End PBXNativeTarget section */

/* Begin PBXProject section */
		810649FE1C130A10007ED524 /* Project object */ = {
			isa = PBXProject;
			attributes = {
				LastSwiftUpdateCheck = 0710;
				LastUpgradeCheck = 1000;
				ORGANIZATIONNAME = "Royal St. George's College";
				TargetAttributes = {
					81064A051C130A10007ED524 = {
						CreatedOnToolsVersion = 7.1.1;
						LastSwiftMigration = "";
					};
				};
			};
			buildConfigurationList = 81064A011C130A10007ED524 /* Build configuration list for PBXProject "Animation" */;
			compatibilityVersion = "Xcode 3.2";
			developmentRegion = English;
			hasScannedForEncodings = 0;
			knownRegions = (
				en,
				Base,
			);
			mainGroup = 810649FD1C130A10007ED524;
			productRefGroup = 81064A071C130A10007ED524 /* Products */;
			projectDirPath = "";
			projectRoot = "";
			targets = (
				81064A051C130A10007ED524 /* Animation */,
			);
		};
/* End PBXProject section */

/* Begin PBXResourcesBuildPhase section */
		81064A041C130A10007ED524 /* Resources */ = {
			isa = PBXResourcesBuildPhase;
			buildActionMask = 2147483647;
			files = (
				81064A0E1C130A10007ED524 /* Assets.xcassets in Resources */,
				81064A111C130A10007ED524 /* Main.storyboard in Resources */,
			);
			runOnlyForDeploymentPostprocessing = 0;
		};
/* End PBXResourcesBuildPhase section */

/* Begin PBXSourcesBuildPhase section */
		81064A021C130A10007ED524 /* Sources */ = {
			isa = PBXSourcesBuildPhase;
			buildActionMask = 2147483647;
			files = (
				81B42BA91F9D6CF700E501B8 /* Map.swift in Sources */,
				81064A0C1C130A10007ED524 /* ViewController.swift in Sources */,
				81EAC5A41D87DF52005DD91D /* Helper.swift in Sources */,
				81B42BAA1F9D6CF700E501B8 /* PerlinGenerator.swift in Sources */,
				81064A1C1C132DA2007ED524 /* Sketch.swift in Sources */,
				81064A0A1C130A10007ED524 /* AppDelegate.swift in Sources */,
			);
			runOnlyForDeploymentPostprocessing = 0;
		};
/* End PBXSourcesBuildPhase section */

/* Begin PBXVariantGroup section */
		81064A0F1C130A10007ED524 /* Main.storyboard */ = {
			isa = PBXVariantGroup;
			children = (
				81064A101C130A10007ED524 /* Base */,
			);
			name = Main.storyboard;
			sourceTree = "<group>";
		};
/* End PBXVariantGroup section */

/* Begin XCBuildConfiguration section */
		81064A131C130A10007ED524 /* Debug */ = {
			isa = XCBuildConfiguration;
			buildSettings = {
				ALWAYS_SEARCH_USER_PATHS = NO;
				CLANG_CXX_LANGUAGE_STANDARD = "gnu++0x";
				CLANG_CXX_LIBRARY = "libc++";
				CLANG_ENABLE_MODULES = YES;
				CLANG_ENABLE_OBJC_ARC = YES;
				CLANG_WARN_BLOCK_CAPTURE_AUTORELEASING = YES;
				CLANG_WARN_BOOL_CONVERSION = YES;
				CLANG_WARN_COMMA = YES;
				CLANG_WARN_CONSTANT_CONVERSION = YES;
				CLANG_WARN_DEPRECATED_OBJC_IMPLEMENTATIONS = YES;
				CLANG_WARN_DIRECT_OBJC_ISA_USAGE = YES_ERROR;
				CLANG_WARN_EMPTY_BODY = YES;
				CLANG_WARN_ENUM_CONVERSION = YES;
				CLANG_WARN_INFINITE_RECURSION = YES;
				CLANG_WARN_INT_CONVERSION = YES;
				CLANG_WARN_NON_LITERAL_NULL_CONVERSION = YES;
				CLANG_WARN_OBJC_IMPLICIT_RETAIN_SELF = YES;
				CLANG_WARN_OBJC_LITERAL_CONVERSION = YES;
				CLANG_WARN_OBJC_ROOT_CLASS = YES_ERROR;
				CLANG_WARN_RANGE_LOOP_ANALYSIS = YES;
				CLANG_WARN_STRICT_PROTOTYPES = YES;
				CLANG_WARN_SUSPICIOUS_MOVE = YES;
				CLANG_WARN_UNREACHABLE_CODE = YES;
				CLANG_WARN__DUPLICATE_METHOD_MATCH = YES;
				CODE_SIGN_IDENTITY = "-";
				COPY_PHASE_STRIP = NO;
				DEBUG_INFORMATION_FORMAT = dwarf;
				ENABLE_STRICT_OBJC_MSGSEND = YES;
				ENABLE_TESTABILITY = YES;
				GCC_C_LANGUAGE_STANDARD = gnu99;
				GCC_DYNAMIC_NO_PIC = NO;
				GCC_NO_COMMON_BLOCKS = YES;
				GCC_OPTIMIZATION_LEVEL = 0;
				GCC_PREPROCESSOR_DEFINITIONS = (
					"DEBUG=1",
					"$(inherited)",
				);
				GCC_WARN_64_TO_32_BIT_CONVERSION = YES;
				GCC_WARN_ABOUT_RETURN_TYPE = YES_ERROR;
				GCC_WARN_UNDECLARED_SELECTOR = YES;
				GCC_WARN_UNINITIALIZED_AUTOS = YES_AGGRESSIVE;
				GCC_WARN_UNUSED_FUNCTION = YES;
				GCC_WARN_UNUSED_VARIABLE = YES;
				MACOSX_DEPLOYMENT_TARGET = 10.11;
				MTL_ENABLE_DEBUG_INFO = YES;
				ONLY_ACTIVE_ARCH = YES;
				SDKROOT = macosx;
				SWIFT_OPTIMIZATION_LEVEL = "-Onone";
			};
			name = Debug;
		};
		81064A141C130A10007ED524 /* Release */ = {
			isa = XCBuildConfiguration;
			buildSettings = {
				ALWAYS_SEARCH_USER_PATHS = NO;
				CLANG_CXX_LANGUAGE_STANDARD = "gnu++0x";
				CLANG_CXX_LIBRARY = "libc++";
				CLANG_ENABLE_MODULES = YES;
				CLANG_ENABLE_OBJC_ARC = YES;
				CLANG_WARN_BLOCK_CAPTURE_AUTORELEASING = YES;
				CLANG_WARN_BOOL_CONVERSION = YES;
				CLANG_WARN_COMMA = YES;
				CLANG_WARN_CONSTANT_CONVERSION = YES;
				CLANG_WARN_DEPRECATED_OBJC_IMPLEMENTATIONS = YES;
				CLANG_WARN_DIRECT_OBJC_ISA_USAGE = YES_ERROR;
				CLANG_WARN_EMPTY_BODY = YES;
				CLANG_WARN_ENUM_CONVERSION = YES;
				CLANG_WARN_INFINITE_RECURSION = YES;
				CLANG_WARN_INT_CONVERSION = YES;
				CLANG_WARN_NON_LITERAL_NULL_CONVERSION = YES;
				CLANG_WARN_OBJC_IMPLICIT_RETAIN_SELF = YES;
				CLANG_WARN_OBJC_LITERAL_CONVERSION = YES;
				CLANG_WARN_OBJC_ROOT_CLASS = YES_ERROR;
				CLANG_WARN_RANGE_LOOP_ANALYSIS = YES;
				CLANG_WARN_STRICT_PROTOTYPES = YES;
				CLANG_WARN_SUSPICIOUS_MOVE = YES;
				CLANG_WARN_UNREACHABLE_CODE = YES;
				CLANG_WARN__DUPLICATE_METHOD_MATCH = YES;
				CODE_SIGN_IDENTITY = "-";
				COPY_PHASE_STRIP = NO;
				DEBUG_INFORMATION_FORMAT = "dwarf-with-dsym";
				ENABLE_NS_ASSERTIONS = NO;
				ENABLE_STRICT_OBJC_MSGSEND = YES;
				GCC_C_LANGUAGE_STANDARD = gnu99;
				GCC_NO_COMMON_BLOCKS = YES;
				GCC_WARN_64_TO_32_BIT_CONVERSION = YES;
				GCC_WARN_ABOUT_RETURN_TYPE = YES_ERROR;
				GCC_WARN_UNDECLARED_SELECTOR = YES;
				GCC_WARN_UNINITIALIZED_AUTOS = YES_AGGRESSIVE;
				GCC_WARN_UNUSED_FUNCTION = YES;
				GCC_WARN_UNUSED_VARIABLE = YES;
				MACOSX_DEPLOYMENT_TARGET = 10.11;
				MTL_ENABLE_DEBUG_INFO = NO;
				SDKROOT = macosx;
				SWIFT_OPTIMIZATION_LEVEL = "-Owholemodule";
			};
			name = Release;
		};
		81064A161C130A10007ED524 /* Debug */ = {
			isa = XCBuildConfiguration;
			buildSettings = {
				ASSETCATALOG_COMPILER_APPICON_NAME = AppIcon;
				COMBINE_HIDPI_IMAGES = YES;
				INFOPLIST_FILE = Animation/Info.plist;
				LD_RUNPATH_SEARCH_PATHS = "$(inherited) @executable_path/../Frameworks";
				MACOSX_DEPLOYMENT_TARGET = 10.11;
				PRODUCT_BUNDLE_IDENTIFIER = ca.russellgordon.Animation;
				PRODUCT_NAME = "$(TARGET_NAME)";
				SWIFT_SWIFT3_OBJC_INFERENCE = Default;
				SWIFT_VERSION = 4.2;
			};
			name = Debug;
		};
		81064A171C130A10007ED524 /* Release */ = {
			isa = XCBuildConfiguration;
			buildSettings = {
				ASSETCATALOG_COMPILER_APPICON_NAME = AppIcon;
				COMBINE_HIDPI_IMAGES = YES;
				INFOPLIST_FILE = Animation/Info.plist;
				LD_RUNPATH_SEARCH_PATHS = "$(inherited) @executable_path/../Frameworks";
				MACOSX_DEPLOYMENT_TARGET = 10.11;
				PRODUCT_BUNDLE_IDENTIFIER = ca.russellgordon.Animation;
				PRODUCT_NAME = "$(TARGET_NAME)";
				SWIFT_SWIFT3_OBJC_INFERENCE = Default;
				SWIFT_VERSION = 4.2;
			};
			name = Release;
		};
/* End XCBuildConfiguration section */

/* Begin XCConfigurationList section */
		81064A011C130A10007ED524 /* Build configuration list for PBXProject "Animation" */ = {
			isa = XCConfigurationList;
			buildConfigurations = (
				81064A131C130A10007ED524 /* Debug */,
				81064A141C130A10007ED524 /* Release */,
			);
			defaultConfigurationIsVisible = 0;
			defaultConfigurationName = Release;
		};
		81064A151C130A10007ED524 /* Build configuration list for PBXNativeTarget "Animation" */ = {
			isa = XCConfigurationList;
			buildConfigurations = (
				81064A161C130A10007ED524 /* Debug */,
				81064A171C130A10007ED524 /* Release */,
			);
			defaultConfigurationIsVisible = 0;
			defaultConfigurationName = Release;
		};
/* End XCConfigurationList section */
	};
	rootObject = 810649FE1C130A10007ED524 /* Project object */;
}
